// !$*UTF8*$!
{
	archiveVersion = 1;
	classes = {
	};
	objectVersion = 54;
	objects = {

/* Begin PBXBuildFile section */
		2AC34D362543B212004FB9F9 /* libsqlite3.tbd in Frameworks */ = {isa = PBXBuildFile; fileRef = 2AC34D332543B18C004FB9F9 /* libsqlite3.tbd */; };
		2AC34D5A2543B566004FB9F9 /* SQLite.framework in Frameworks */ = {isa = PBXBuildFile; fileRef = 2AC34D452543B54C004FB9F9 /* SQLite.framework */; };
		2AC34D5B2543B566004FB9F9 /* SQLite.framework in Embed Frameworks */ = {isa = PBXBuildFile; fileRef = 2AC34D452543B54C004FB9F9 /* SQLite.framework */; settings = {ATTRIBUTES = (CodeSignOnCopy, RemoveHeadersOnCopy, ); }; };
		2AC34D5E2543C137004FB9F9 /* Repository.swift in Sources */ = {isa = PBXBuildFile; fileRef = 2AC34D5D2543C137004FB9F9 /* Repository.swift */; };
		2AC34D74254487FC004FB9F9 /* SensorValRepositoryTest.swift in Sources */ = {isa = PBXBuildFile; fileRef = 2AC34D73254487FC004FB9F9 /* SensorValRepositoryTest.swift */; };
		D50657241DF2F4C8002B7557 /* UUIDKey.swift in Sources */ = {isa = PBXBuildFile; fileRef = D50657231DF2F4C8002B7557 /* UUIDKey.swift */; };
		D50657261DF45E04002B7557 /* UartModuleViewController.swift in Sources */ = {isa = PBXBuildFile; fileRef = D50657251DF45E04002B7557 /* UartModuleViewController.swift */; };
		D5B24DDC1DEE393B00D33B5A /* AppDelegate.swift in Sources */ = {isa = PBXBuildFile; fileRef = D5B24DDB1DEE393B00D33B5A /* AppDelegate.swift */; };
		D5B24DE11DEE393B00D33B5A /* Main.storyboard in Resources */ = {isa = PBXBuildFile; fileRef = D5B24DDF1DEE393B00D33B5A /* Main.storyboard */; };
		D5B24DE31DEE393B00D33B5A /* Assets.xcassets in Resources */ = {isa = PBXBuildFile; fileRef = D5B24DE21DEE393B00D33B5A /* Assets.xcassets */; };
		D5B24DE61DEE393B00D33B5A /* LaunchScreen.storyboard in Resources */ = {isa = PBXBuildFile; fileRef = D5B24DE41DEE393B00D33B5A /* LaunchScreen.storyboard */; };
		D5B24DEE1DEE399800D33B5A /* BLECentralViewController.swift in Sources */ = {isa = PBXBuildFile; fileRef = D5B24DED1DEE399800D33B5A /* BLECentralViewController.swift */; };
		D5B24DF11DEF153A00D33B5A /* PeripheralTableViewCell.swift in Sources */ = {isa = PBXBuildFile; fileRef = D5B24DEF1DEF153A00D33B5A /* PeripheralTableViewCell.swift */; };
/* End PBXBuildFile section */

/* Begin PBXContainerItemProxy section */
		2AC34D442543B54C004FB9F9 /* PBXContainerItemProxy */ = {
			isa = PBXContainerItemProxy;
			containerPortal = 2AC34D3A2543B54C004FB9F9 /* SQLite.xcodeproj */;
			proxyType = 2;
			remoteGlobalIDString = EE247AD31C3F04ED00AE3E12;
			remoteInfo = "SQLite iOS";
		};
		2AC34D462543B54C004FB9F9 /* PBXContainerItemProxy */ = {
			isa = PBXContainerItemProxy;
			containerPortal = 2AC34D3A2543B54C004FB9F9 /* SQLite.xcodeproj */;
			proxyType = 2;
			remoteGlobalIDString = EE247ADD1C3F04ED00AE3E12;
			remoteInfo = "SQLiteTests iOS";
		};
		2AC34D482543B54C004FB9F9 /* PBXContainerItemProxy */ = {
			isa = PBXContainerItemProxy;
			containerPortal = 2AC34D3A2543B54C004FB9F9 /* SQLite.xcodeproj */;
			proxyType = 2;
			remoteGlobalIDString = EE247B3C1C3F3ED000AE3E12;
			remoteInfo = "SQLite Mac";
		};
		2AC34D4A2543B54C004FB9F9 /* PBXContainerItemProxy */ = {
			isa = PBXContainerItemProxy;
			containerPortal = 2AC34D3A2543B54C004FB9F9 /* SQLite.xcodeproj */;
			proxyType = 2;
			remoteGlobalIDString = EE247B451C3F3ED000AE3E12;
			remoteInfo = "SQLiteTests Mac";
		};
		2AC34D4C2543B54C004FB9F9 /* PBXContainerItemProxy */ = {
			isa = PBXContainerItemProxy;
			containerPortal = 2AC34D3A2543B54C004FB9F9 /* SQLite.xcodeproj */;
			proxyType = 2;
			remoteGlobalIDString = 03A65E5A1C6BB0F50062603F;
			remoteInfo = "SQLite tvOS";
		};
		2AC34D4E2543B54C004FB9F9 /* PBXContainerItemProxy */ = {
			isa = PBXContainerItemProxy;
			containerPortal = 2AC34D3A2543B54C004FB9F9 /* SQLite.xcodeproj */;
			proxyType = 2;
			remoteGlobalIDString = 03A65E631C6BB0F60062603F;
			remoteInfo = "SQLiteTests tvOS";
		};
		2AC34D502543B54C004FB9F9 /* PBXContainerItemProxy */ = {
			isa = PBXContainerItemProxy;
			containerPortal = 2AC34D3A2543B54C004FB9F9 /* SQLite.xcodeproj */;
			proxyType = 2;
			remoteGlobalIDString = A121AC451CA35C79005A31D1;
			remoteInfo = "SQLite watchOS";
		};
		2AC34D76254487FC004FB9F9 /* PBXContainerItemProxy */ = {
			isa = PBXContainerItemProxy;
			containerPortal = D5B24DD01DEE393B00D33B5A /* Project object */;
			proxyType = 1;
			remoteGlobalIDString = D5B24DD71DEE393B00D33B5A;
			remoteInfo = Collector;
		};
/* End PBXContainerItemProxy section */

/* Begin PBXCopyFilesBuildPhase section */
		2AC34D5C2543B566004FB9F9 /* Embed Frameworks */ = {
			isa = PBXCopyFilesBuildPhase;
			buildActionMask = 2147483647;
			dstPath = "";
			dstSubfolderSpec = 10;
			files = (
				2AC34D5B2543B566004FB9F9 /* SQLite.framework in Embed Frameworks */,
			);
			name = "Embed Frameworks";
			runOnlyForDeploymentPostprocessing = 0;
		};
/* End PBXCopyFilesBuildPhase section */

/* Begin PBXFileReference section */
		2AC34D332543B18C004FB9F9 /* libsqlite3.tbd */ = {isa = PBXFileReference; lastKnownFileType = "sourcecode.text-based-dylib-definition"; name = libsqlite3.tbd; path = usr/lib/libsqlite3.tbd; sourceTree = SDKROOT; };
		2AC34D3A2543B54C004FB9F9 /* SQLite.xcodeproj */ = {isa = PBXFileReference; lastKnownFileType = "wrapper.pb-project"; name = SQLite.xcodeproj; path = ../../ios/SQLite.swift/SQLite.xcodeproj; sourceTree = "<group>"; };
		2AC34D5D2543C137004FB9F9 /* Repository.swift */ = {isa = PBXFileReference; lastKnownFileType = sourcecode.swift; path = Repository.swift; sourceTree = "<group>"; };
		2AC34D71254487FC004FB9F9 /* CollectorTests.xctest */ = {isa = PBXFileReference; explicitFileType = wrapper.cfbundle; includeInIndex = 0; path = CollectorTests.xctest; sourceTree = BUILT_PRODUCTS_DIR; };
		2AC34D73254487FC004FB9F9 /* SensorValRepositoryTest.swift */ = {isa = PBXFileReference; lastKnownFileType = sourcecode.swift; path = SensorValRepositoryTest.swift; sourceTree = "<group>"; };
		2AC34D75254487FC004FB9F9 /* Info.plist */ = {isa = PBXFileReference; lastKnownFileType = text.plist.xml; path = Info.plist; sourceTree = "<group>"; };
		D50657231DF2F4C8002B7557 /* UUIDKey.swift */ = {isa = PBXFileReference; fileEncoding = 4; lastKnownFileType = sourcecode.swift; path = UUIDKey.swift; sourceTree = "<group>"; };
		D50657251DF45E04002B7557 /* UartModuleViewController.swift */ = {isa = PBXFileReference; fileEncoding = 4; lastKnownFileType = sourcecode.swift; path = UartModuleViewController.swift; sourceTree = "<group>"; };
		D5B24DD81DEE393B00D33B5A /* Collector.app */ = {isa = PBXFileReference; explicitFileType = wrapper.application; includeInIndex = 0; path = Collector.app; sourceTree = BUILT_PRODUCTS_DIR; };
		D5B24DDB1DEE393B00D33B5A /* AppDelegate.swift */ = {isa = PBXFileReference; lastKnownFileType = sourcecode.swift; path = AppDelegate.swift; sourceTree = "<group>"; };
		D5B24DE01DEE393B00D33B5A /* Base */ = {isa = PBXFileReference; lastKnownFileType = file.storyboard; name = Base; path = Base.lproj/Main.storyboard; sourceTree = "<group>"; };
		D5B24DE21DEE393B00D33B5A /* Assets.xcassets */ = {isa = PBXFileReference; lastKnownFileType = folder.assetcatalog; path = Assets.xcassets; sourceTree = "<group>"; };
		D5B24DE51DEE393B00D33B5A /* Base */ = {isa = PBXFileReference; lastKnownFileType = file.storyboard; name = Base; path = Base.lproj/LaunchScreen.storyboard; sourceTree = "<group>"; };
		D5B24DE71DEE393B00D33B5A /* Info.plist */ = {isa = PBXFileReference; lastKnownFileType = text.plist.xml; path = Info.plist; sourceTree = "<group>"; };
		D5B24DED1DEE399800D33B5A /* BLECentralViewController.swift */ = {isa = PBXFileReference; fileEncoding = 4; lastKnownFileType = sourcecode.swift; path = BLECentralViewController.swift; sourceTree = "<group>"; };
		D5B24DEF1DEF153A00D33B5A /* PeripheralTableViewCell.swift */ = {isa = PBXFileReference; fileEncoding = 4; lastKnownFileType = sourcecode.swift; path = PeripheralTableViewCell.swift; sourceTree = "<group>"; };
/* End PBXFileReference section */

/* Begin PBXFrameworksBuildPhase section */
		2AC34D6E254487FC004FB9F9 /* Frameworks */ = {
			isa = PBXFrameworksBuildPhase;
			buildActionMask = 2147483647;
			files = (
			);
			runOnlyForDeploymentPostprocessing = 0;
		};
		D5B24DD51DEE393B00D33B5A /* Frameworks */ = {
			isa = PBXFrameworksBuildPhase;
			buildActionMask = 2147483647;
			files = (
				2AC34D5A2543B566004FB9F9 /* SQLite.framework in Frameworks */,
				2AC34D362543B212004FB9F9 /* libsqlite3.tbd in Frameworks */,
			);
			runOnlyForDeploymentPostprocessing = 0;
		};
/* End PBXFrameworksBuildPhase section */

/* Begin PBXGroup section */
		2AC34D322543B18C004FB9F9 /* Frameworks */ = {
			isa = PBXGroup;
			children = (
				2AC34D332543B18C004FB9F9 /* libsqlite3.tbd */,
			);
			name = Frameworks;
			sourceTree = "<group>";
		};
		2AC34D3B2543B54C004FB9F9 /* Products */ = {
			isa = PBXGroup;
			children = (
				2AC34D452543B54C004FB9F9 /* SQLite.framework */,
				2AC34D472543B54C004FB9F9 /* SQLiteTests iOS.xctest */,
				2AC34D492543B54C004FB9F9 /* SQLite.framework */,
				2AC34D4B2543B54C004FB9F9 /* SQLiteTests Mac.xctest */,
				2AC34D4D2543B54C004FB9F9 /* SQLite.framework */,
				2AC34D4F2543B54C004FB9F9 /* SQLiteTests tvOS.xctest */,
				2AC34D512543B54C004FB9F9 /* SQLite.framework */,
			);
			name = Products;
			sourceTree = "<group>";
		};
		2AC34D72254487FC004FB9F9 /* CollectorTests */ = {
			isa = PBXGroup;
			children = (
				2AC34D73254487FC004FB9F9 /* SensorValRepositoryTest.swift */,
				2AC34D75254487FC004FB9F9 /* Info.plist */,
			);
			path = CollectorTests;
			sourceTree = "<group>";
		};
		D5B24DCF1DEE393B00D33B5A = {
			isa = PBXGroup;
			children = (
				D5B24DDA1DEE393B00D33B5A /* Collector */,
				2AC34D72254487FC004FB9F9 /* CollectorTests */,
				D5B24DD91DEE393B00D33B5A /* Products */,
				2AC34D322543B18C004FB9F9 /* Frameworks */,
				2AC34D3A2543B54C004FB9F9 /* SQLite.xcodeproj */,
			);
			sourceTree = "<group>";
		};
		D5B24DD91DEE393B00D33B5A /* Products */ = {
			isa = PBXGroup;
			children = (
				D5B24DD81DEE393B00D33B5A /* Collector.app */,
				2AC34D71254487FC004FB9F9 /* CollectorTests.xctest */,
			);
			name = Products;
			sourceTree = "<group>";
		};
		D5B24DDA1DEE393B00D33B5A /* Collector */ = {
			isa = PBXGroup;
			children = (
				D5B24DDB1DEE393B00D33B5A /* AppDelegate.swift */,
				D5B24DED1DEE399800D33B5A /* BLECentralViewController.swift */,
				D50657251DF45E04002B7557 /* UartModuleViewController.swift */,
				D5B24DEF1DEF153A00D33B5A /* PeripheralTableViewCell.swift */,
				D50657231DF2F4C8002B7557 /* UUIDKey.swift */,
				D5B24DDF1DEE393B00D33B5A /* Main.storyboard */,
				D5B24DE21DEE393B00D33B5A /* Assets.xcassets */,
				D5B24DE41DEE393B00D33B5A /* LaunchScreen.storyboard */,
				D5B24DE71DEE393B00D33B5A /* Info.plist */,
				2AC34D5D2543C137004FB9F9 /* Repository.swift */,
			);
			path = Collector;
			sourceTree = "<group>";
		};
/* End PBXGroup section */

/* Begin PBXNativeTarget section */
		2AC34D70254487FC004FB9F9 /* CollectorTests */ = {
			isa = PBXNativeTarget;
			buildConfigurationList = 2AC34D78254487FC004FB9F9 /* Build configuration list for PBXNativeTarget "CollectorTests" */;
			buildPhases = (
				2AC34D6D254487FC004FB9F9 /* Sources */,
				2AC34D6E254487FC004FB9F9 /* Frameworks */,
				2AC34D6F254487FC004FB9F9 /* Resources */,
			);
			buildRules = (
			);
			dependencies = (
				2AC34D77254487FC004FB9F9 /* PBXTargetDependency */,
			);
			name = CollectorTests;
			productName = CollectorTests;
			productReference = 2AC34D71254487FC004FB9F9 /* CollectorTests.xctest */;
			productType = "com.apple.product-type.bundle.unit-test";
		};
		D5B24DD71DEE393B00D33B5A /* Collector */ = {
			isa = PBXNativeTarget;
			buildConfigurationList = D5B24DEA1DEE393B00D33B5A /* Build configuration list for PBXNativeTarget "Collector" */;
			buildPhases = (
				D5B24DD41DEE393B00D33B5A /* Sources */,
				D5B24DD51DEE393B00D33B5A /* Frameworks */,
				D5B24DD61DEE393B00D33B5A /* Resources */,
				2AC34D5C2543B566004FB9F9 /* Embed Frameworks */,
			);
			buildRules = (
			);
			dependencies = (
			);
			name = Collector;
			productName = "Basic Chat";
			productReference = D5B24DD81DEE393B00D33B5A /* Collector.app */;
			productType = "com.apple.product-type.application";
		};
/* End PBXNativeTarget section */

/* Begin PBXProject section */
		D5B24DD01DEE393B00D33B5A /* Project object */ = {
			isa = PBXProject;
			attributes = {
				LastSwiftUpdateCheck = 1200;
				LastUpgradeCheck = 1200;
				ORGANIZATIONNAME = cyclometry;
				TargetAttributes = {
					2AC34D70254487FC004FB9F9 = {
						CreatedOnToolsVersion = 12.0.1;
						TestTargetID = D5B24DD71DEE393B00D33B5A;
					};
					D5B24DD71DEE393B00D33B5A = {
						CreatedOnToolsVersion = 8.0;
						DevelopmentTeam = 72SPM7GVK7;
						LastSwiftMigration = 1030;
						ProvisioningStyle = Automatic;
					};
				};
			};
			buildConfigurationList = D5B24DD31DEE393B00D33B5A /* Build configuration list for PBXProject "Collector" */;
			compatibilityVersion = "Xcode 12.0";
			developmentRegion = en;
			hasScannedForEncodings = 0;
			knownRegions = (
				en,
				Base,
			);
			mainGroup = D5B24DCF1DEE393B00D33B5A;
			productRefGroup = D5B24DD91DEE393B00D33B5A /* Products */;
			projectDirPath = "";
			projectReferences = (
				{
					ProductGroup = 2AC34D3B2543B54C004FB9F9 /* Products */;
					ProjectRef = 2AC34D3A2543B54C004FB9F9 /* SQLite.xcodeproj */;
				},
			);
			projectRoot = "";
			targets = (
				D5B24DD71DEE393B00D33B5A /* Collector */,
				2AC34D70254487FC004FB9F9 /* CollectorTests */,
			);
		};
/* End PBXProject section */

/* Begin PBXReferenceProxy section */
		2AC34D452543B54C004FB9F9 /* SQLite.framework */ = {
			isa = PBXReferenceProxy;
			fileType = wrapper.framework;
			path = SQLite.framework;
			remoteRef = 2AC34D442543B54C004FB9F9 /* PBXContainerItemProxy */;
			sourceTree = BUILT_PRODUCTS_DIR;
		};
		2AC34D472543B54C004FB9F9 /* SQLiteTests iOS.xctest */ = {
			isa = PBXReferenceProxy;
			fileType = wrapper.cfbundle;
			path = "SQLiteTests iOS.xctest";
			remoteRef = 2AC34D462543B54C004FB9F9 /* PBXContainerItemProxy */;
			sourceTree = BUILT_PRODUCTS_DIR;
		};
		2AC34D492543B54C004FB9F9 /* SQLite.framework */ = {
			isa = PBXReferenceProxy;
			fileType = wrapper.framework;
			path = SQLite.framework;
			remoteRef = 2AC34D482543B54C004FB9F9 /* PBXContainerItemProxy */;
			sourceTree = BUILT_PRODUCTS_DIR;
		};
		2AC34D4B2543B54C004FB9F9 /* SQLiteTests Mac.xctest */ = {
			isa = PBXReferenceProxy;
			fileType = wrapper.cfbundle;
			path = "SQLiteTests Mac.xctest";
			remoteRef = 2AC34D4A2543B54C004FB9F9 /* PBXContainerItemProxy */;
			sourceTree = BUILT_PRODUCTS_DIR;
		};
		2AC34D4D2543B54C004FB9F9 /* SQLite.framework */ = {
			isa = PBXReferenceProxy;
			fileType = wrapper.framework;
			path = SQLite.framework;
			remoteRef = 2AC34D4C2543B54C004FB9F9 /* PBXContainerItemProxy */;
			sourceTree = BUILT_PRODUCTS_DIR;
		};
		2AC34D4F2543B54C004FB9F9 /* SQLiteTests tvOS.xctest */ = {
			isa = PBXReferenceProxy;
			fileType = wrapper.cfbundle;
			path = "SQLiteTests tvOS.xctest";
			remoteRef = 2AC34D4E2543B54C004FB9F9 /* PBXContainerItemProxy */;
			sourceTree = BUILT_PRODUCTS_DIR;
		};
		2AC34D512543B54C004FB9F9 /* SQLite.framework */ = {
			isa = PBXReferenceProxy;
			fileType = wrapper.framework;
			path = SQLite.framework;
			remoteRef = 2AC34D502543B54C004FB9F9 /* PBXContainerItemProxy */;
			sourceTree = BUILT_PRODUCTS_DIR;
		};
/* End PBXReferenceProxy section */

/* Begin PBXResourcesBuildPhase section */
		2AC34D6F254487FC004FB9F9 /* Resources */ = {
			isa = PBXResourcesBuildPhase;
			buildActionMask = 2147483647;
			files = (
			);
			runOnlyForDeploymentPostprocessing = 0;
		};
		D5B24DD61DEE393B00D33B5A /* Resources */ = {
			isa = PBXResourcesBuildPhase;
			buildActionMask = 2147483647;
			files = (
				D5B24DE61DEE393B00D33B5A /* LaunchScreen.storyboard in Resources */,
				D5B24DE31DEE393B00D33B5A /* Assets.xcassets in Resources */,
				D5B24DE11DEE393B00D33B5A /* Main.storyboard in Resources */,
			);
			runOnlyForDeploymentPostprocessing = 0;
		};
/* End PBXResourcesBuildPhase section */

/* Begin PBXSourcesBuildPhase section */
		2AC34D6D254487FC004FB9F9 /* Sources */ = {
			isa = PBXSourcesBuildPhase;
			buildActionMask = 2147483647;
			files = (
				2AC34D74254487FC004FB9F9 /* SensorValRepositoryTest.swift in Sources */,
			);
			runOnlyForDeploymentPostprocessing = 0;
		};
		D5B24DD41DEE393B00D33B5A /* Sources */ = {
			isa = PBXSourcesBuildPhase;
			buildActionMask = 2147483647;
			files = (
				D50657241DF2F4C8002B7557 /* UUIDKey.swift in Sources */,
				D5B24DEE1DEE399800D33B5A /* BLECentralViewController.swift in Sources */,
				D5B24DDC1DEE393B00D33B5A /* AppDelegate.swift in Sources */,
				D50657261DF45E04002B7557 /* UartModuleViewController.swift in Sources */,
				D5B24DF11DEF153A00D33B5A /* PeripheralTableViewCell.swift in Sources */,
				2AC34D5E2543C137004FB9F9 /* Repository.swift in Sources */,
			);
			runOnlyForDeploymentPostprocessing = 0;
		};
/* End PBXSourcesBuildPhase section */

/* Begin PBXTargetDependency section */
		2AC34D77254487FC004FB9F9 /* PBXTargetDependency */ = {
			isa = PBXTargetDependency;
			target = D5B24DD71DEE393B00D33B5A /* Collector */;
			targetProxy = 2AC34D76254487FC004FB9F9 /* PBXContainerItemProxy */;
		};
/* End PBXTargetDependency section */

/* Begin PBXVariantGroup section */
		D5B24DDF1DEE393B00D33B5A /* Main.storyboard */ = {
			isa = PBXVariantGroup;
			children = (
				D5B24DE01DEE393B00D33B5A /* Base */,
			);
			name = Main.storyboard;
			sourceTree = "<group>";
		};
		D5B24DE41DEE393B00D33B5A /* LaunchScreen.storyboard */ = {
			isa = PBXVariantGroup;
			children = (
				D5B24DE51DEE393B00D33B5A /* Base */,
			);
			name = LaunchScreen.storyboard;
			sourceTree = "<group>";
		};
/* End PBXVariantGroup section */

/* Begin XCBuildConfiguration section */
		2AC34D79254487FC004FB9F9 /* Debug */ = {
			isa = XCBuildConfiguration;
			buildSettings = {
				BUNDLE_LOADER = "$(TEST_HOST)";
				CLANG_ANALYZER_NUMBER_OBJECT_CONVERSION = YES_AGGRESSIVE;
				CLANG_CXX_LANGUAGE_STANDARD = "gnu++14";
				CLANG_ENABLE_OBJC_WEAK = YES;
				CLANG_WARN_OBJC_LITERAL_CONVERSION = YES;
				CLANG_WARN_UNGUARDED_AVAILABILITY = YES_AGGRESSIVE;
				CODE_SIGN_STYLE = Automatic;
				GCC_C_LANGUAGE_STANDARD = gnu11;
				INFOPLIST_FILE = CollectorTests/Info.plist;
				IPHONEOS_DEPLOYMENT_TARGET = 14.0;
				LD_RUNPATH_SEARCH_PATHS = (
					"$(inherited)",
					"@executable_path/Frameworks",
					"@loader_path/Frameworks",
				);
				MTL_ENABLE_DEBUG_INFO = INCLUDE_SOURCE;
				MTL_FAST_MATH = YES;
				PRODUCT_BUNDLE_IDENTIFIER = cyclometry.CollectorTests;
				PRODUCT_NAME = "$(TARGET_NAME)";
				SWIFT_VERSION = 5.0;
				TARGETED_DEVICE_FAMILY = "1,2";
				TEST_HOST = "$(BUILT_PRODUCTS_DIR)/Collector.app/Collector";
			};
			name = Debug;
		};
		2AC34D7A254487FC004FB9F9 /* Release */ = {
			isa = XCBuildConfiguration;
			buildSettings = {
				BUNDLE_LOADER = "$(TEST_HOST)";
				CLANG_ANALYZER_NUMBER_OBJECT_CONVERSION = YES_AGGRESSIVE;
				CLANG_CXX_LANGUAGE_STANDARD = "gnu++14";
				CLANG_ENABLE_OBJC_WEAK = YES;
				CLANG_WARN_OBJC_LITERAL_CONVERSION = YES;
				CLANG_WARN_UNGUARDED_AVAILABILITY = YES_AGGRESSIVE;
				CODE_SIGN_STYLE = Automatic;
				GCC_C_LANGUAGE_STANDARD = gnu11;
				INFOPLIST_FILE = CollectorTests/Info.plist;
				IPHONEOS_DEPLOYMENT_TARGET = 14.0;
				LD_RUNPATH_SEARCH_PATHS = (
					"$(inherited)",
					"@executable_path/Frameworks",
					"@loader_path/Frameworks",
				);
				MTL_FAST_MATH = YES;
				PRODUCT_BUNDLE_IDENTIFIER = cyclometry.CollectorTests;
				PRODUCT_NAME = "$(TARGET_NAME)";
				SWIFT_VERSION = 5.0;
				TARGETED_DEVICE_FAMILY = "1,2";
				TEST_HOST = "$(BUILT_PRODUCTS_DIR)/Collector.app/Collector";
			};
			name = Release;
		};
		D5B24DE81DEE393B00D33B5A /* Debug */ = {
			isa = XCBuildConfiguration;
			buildSettings = {
				ALWAYS_SEARCH_USER_PATHS = NO;
				CLANG_ANALYZER_LOCALIZABILITY_NONLOCALIZED = YES;
				CLANG_ANALYZER_NONNULL = YES;
				CLANG_CXX_LANGUAGE_STANDARD = "gnu++0x";
				CLANG_CXX_LIBRARY = "libc++";
				CLANG_ENABLE_MODULES = YES;
				CLANG_ENABLE_OBJC_ARC = YES;
				CLANG_WARN_BLOCK_CAPTURE_AUTORELEASING = YES;
				CLANG_WARN_BOOL_CONVERSION = YES;
				CLANG_WARN_COMMA = YES;
				CLANG_WARN_CONSTANT_CONVERSION = YES;
				CLANG_WARN_DEPRECATED_OBJC_IMPLEMENTATIONS = YES;
				CLANG_WARN_DIRECT_OBJC_ISA_USAGE = YES_ERROR;
				CLANG_WARN_DOCUMENTATION_COMMENTS = YES;
				CLANG_WARN_EMPTY_BODY = YES;
				CLANG_WARN_ENUM_CONVERSION = YES;
				CLANG_WARN_INFINITE_RECURSION = YES;
				CLANG_WARN_INT_CONVERSION = YES;
				CLANG_WARN_NON_LITERAL_NULL_CONVERSION = YES;
				CLANG_WARN_OBJC_IMPLICIT_RETAIN_SELF = YES;
				CLANG_WARN_OBJC_LITERAL_CONVERSION = YES_ERROR;
				CLANG_WARN_OBJC_ROOT_CLASS = YES_ERROR;
				CLANG_WARN_QUOTED_INCLUDE_IN_FRAMEWORK_HEADER = YES;
				CLANG_WARN_RANGE_LOOP_ANALYSIS = YES;
				CLANG_WARN_STRICT_PROTOTYPES = YES;
				CLANG_WARN_SUSPICIOUS_MOVE = YES;
				CLANG_WARN_SUSPICIOUS_MOVES = YES;
				CLANG_WARN_UNREACHABLE_CODE = YES;
				CLANG_WARN__DUPLICATE_METHOD_MATCH = YES;
				"CODE_SIGN_IDENTITY[sdk=iphoneos*]" = "iPhone Developer";
				COPY_PHASE_STRIP = NO;
				DEBUG_INFORMATION_FORMAT = dwarf;
				DEVELOPMENT_TEAM = 2X94RM7457;
				ENABLE_STRICT_OBJC_MSGSEND = YES;
				ENABLE_TESTABILITY = YES;
				GCC_C_LANGUAGE_STANDARD = gnu99;
				GCC_DYNAMIC_NO_PIC = NO;
				GCC_NO_COMMON_BLOCKS = YES;
				GCC_OPTIMIZATION_LEVEL = 0;
				GCC_PREPROCESSOR_DEFINITIONS = (
					"DEBUG=1",
					"$(inherited)",
				);
				GCC_WARN_64_TO_32_BIT_CONVERSION = YES;
				GCC_WARN_ABOUT_RETURN_TYPE = YES_ERROR;
				GCC_WARN_UNDECLARED_SELECTOR = YES;
				GCC_WARN_UNINITIALIZED_AUTOS = YES_AGGRESSIVE;
				GCC_WARN_UNUSED_FUNCTION = YES;
				GCC_WARN_UNUSED_VARIABLE = YES;
				IPHONEOS_DEPLOYMENT_TARGET = 12.4;
				MTL_ENABLE_DEBUG_INFO = YES;
				ONLY_ACTIVE_ARCH = YES;
				SDKROOT = iphoneos;
				SWIFT_ACTIVE_COMPILATION_CONDITIONS = DEBUG;
				SWIFT_OPTIMIZATION_LEVEL = "-Onone";
				SWIFT_VERSION = 4.2;
				TARGETED_DEVICE_FAMILY = "1,2";
			};
			name = Debug;
		};
		D5B24DE91DEE393B00D33B5A /* Release */ = {
			isa = XCBuildConfiguration;
			buildSettings = {
				ALWAYS_SEARCH_USER_PATHS = NO;
				CLANG_ANALYZER_LOCALIZABILITY_NONLOCALIZED = YES;
				CLANG_ANALYZER_NONNULL = YES;
				CLANG_CXX_LANGUAGE_STANDARD = "gnu++0x";
				CLANG_CXX_LIBRARY = "libc++";
				CLANG_ENABLE_MODULES = YES;
				CLANG_ENABLE_OBJC_ARC = YES;
				CLANG_WARN_BLOCK_CAPTURE_AUTORELEASING = YES;
				CLANG_WARN_BOOL_CONVERSION = YES;
				CLANG_WARN_COMMA = YES;
				CLANG_WARN_CONSTANT_CONVERSION = YES;
				CLANG_WARN_DEPRECATED_OBJC_IMPLEMENTATIONS = YES;
				CLANG_WARN_DIRECT_OBJC_ISA_USAGE = YES_ERROR;
				CLANG_WARN_DOCUMENTATION_COMMENTS = YES;
				CLANG_WARN_EMPTY_BODY = YES;
				CLANG_WARN_ENUM_CONVERSION = YES;
				CLANG_WARN_INFINITE_RECURSION = YES;
				CLANG_WARN_INT_CONVERSION = YES;
				CLANG_WARN_NON_LITERAL_NULL_CONVERSION = YES;
				CLANG_WARN_OBJC_IMPLICIT_RETAIN_SELF = YES;
				CLANG_WARN_OBJC_LITERAL_CONVERSION = YES_ERROR;
				CLANG_WARN_OBJC_ROOT_CLASS = YES_ERROR;
				CLANG_WARN_QUOTED_INCLUDE_IN_FRAMEWORK_HEADER = YES;
				CLANG_WARN_RANGE_LOOP_ANALYSIS = YES;
				CLANG_WARN_STRICT_PROTOTYPES = YES;
				CLANG_WARN_SUSPICIOUS_MOVE = YES;
				CLANG_WARN_SUSPICIOUS_MOVES = YES;
				CLANG_WARN_UNREACHABLE_CODE = YES;
				CLANG_WARN__DUPLICATE_METHOD_MATCH = YES;
				"CODE_SIGN_IDENTITY[sdk=iphoneos*]" = "iPhone Developer";
				COPY_PHASE_STRIP = NO;
				DEBUG_INFORMATION_FORMAT = "dwarf-with-dsym";
				DEVELOPMENT_TEAM = 2X94RM7457;
				ENABLE_NS_ASSERTIONS = NO;
				ENABLE_STRICT_OBJC_MSGSEND = YES;
				GCC_C_LANGUAGE_STANDARD = gnu99;
				GCC_NO_COMMON_BLOCKS = YES;
				GCC_WARN_64_TO_32_BIT_CONVERSION = YES;
				GCC_WARN_ABOUT_RETURN_TYPE = YES_ERROR;
				GCC_WARN_UNDECLARED_SELECTOR = YES;
				GCC_WARN_UNINITIALIZED_AUTOS = YES_AGGRESSIVE;
				GCC_WARN_UNUSED_FUNCTION = YES;
				GCC_WARN_UNUSED_VARIABLE = YES;
				IPHONEOS_DEPLOYMENT_TARGET = 12.4;
				MTL_ENABLE_DEBUG_INFO = NO;
				SDKROOT = iphoneos;
				SWIFT_COMPILATION_MODE = wholemodule;
				SWIFT_OPTIMIZATION_LEVEL = "-O";
				SWIFT_VERSION = 4.2;
				TARGETED_DEVICE_FAMILY = "1,2";
				VALIDATE_PRODUCT = YES;
			};
			name = Release;
		};
		D5B24DEB1DEE393B00D33B5A /* Debug */ = {
			isa = XCBuildConfiguration;
			buildSettings = {
				ASSETCATALOG_COMPILER_APPICON_NAME = AppIcon;
				DEVELOPMENT_TEAM = 72SPM7GVK7;
				INFOPLIST_FILE = Collector/Info.plist;
				IPHONEOS_DEPLOYMENT_TARGET = 12.0;
				LD_RUNPATH_SEARCH_PATHS = (
					"$(inherited)",
					"@executable_path/Frameworks",
				);
				PRODUCT_BUNDLE_IDENTIFIER = dantanner.collector;
				PRODUCT_NAME = "$(TARGET_NAME)";
				SWIFT_VERSION = 5.0;
			};
			name = Debug;
		};
		D5B24DEC1DEE393B00D33B5A /* Release */ = {
			isa = XCBuildConfiguration;
			buildSettings = {
				ASSETCATALOG_COMPILER_APPICON_NAME = AppIcon;
				DEVELOPMENT_TEAM = 72SPM7GVK7;
				INFOPLIST_FILE = Collector/Info.plist;
				IPHONEOS_DEPLOYMENT_TARGET = 12.0;
				LD_RUNPATH_SEARCH_PATHS = (
					"$(inherited)",
					"@executable_path/Frameworks",
				);
				PRODUCT_BUNDLE_IDENTIFIER = dantanner.collector;
				PRODUCT_NAME = "$(TARGET_NAME)";
				SWIFT_VERSION = 5.0;
			};
			name = Release;
		};
/* End XCBuildConfiguration section */

/* Begin XCConfigurationList section */
		2AC34D78254487FC004FB9F9 /* Build configuration list for PBXNativeTarget "CollectorTests" */ = {
			isa = XCConfigurationList;
			buildConfigurations = (
				2AC34D79254487FC004FB9F9 /* Debug */,
				2AC34D7A254487FC004FB9F9 /* Release */,
			);
			defaultConfigurationIsVisible = 0;
			defaultConfigurationName = Release;
		};
		D5B24DD31DEE393B00D33B5A /* Build configuration list for PBXProject "Collector" */ = {
			isa = XCConfigurationList;
			buildConfigurations = (
				D5B24DE81DEE393B00D33B5A /* Debug */,
				D5B24DE91DEE393B00D33B5A /* Release */,
			);
			defaultConfigurationIsVisible = 0;
			defaultConfigurationName = Release;
		};
		D5B24DEA1DEE393B00D33B5A /* Build configuration list for PBXNativeTarget "Collector" */ = {
			isa = XCConfigurationList;
			buildConfigurations = (
				D5B24DEB1DEE393B00D33B5A /* Debug */,
				D5B24DEC1DEE393B00D33B5A /* Release */,
			);
			defaultConfigurationIsVisible = 0;
			defaultConfigurationName = Release;
		};
/* End XCConfigurationList section */
	};
	rootObject = D5B24DD01DEE393B00D33B5A /* Project object */;
}
